
Microsoft Visual Studio Solution File, Format Version 12.00
# Visual Studio Version 16
VisualStudioVersion = 16.0.29306.81
MinimumVisualStudioVersion = 10.0.40219.1
Project("{9A19103F-16F7-4668-BE54-9A1E7A4F7556}") = "SiloHost", "SiloHost\SiloHost.csproj", "{064E3223-C82E-4FF0-A548-8A3F12588CA8}"
EndProject
Project("{9A19103F-16F7-4668-BE54-9A1E7A4F7556}") = "OrleansClient", "OrleansClient\OrleansClient.csproj", "{3067B6A7-7EF3-4A0C-8D54-269E157AD34A}"
EndProject
Project("{9A19103F-16F7-4668-BE54-9A1E7A4F7556}") = "OutboundAdapter.Interfaces", "OutboundAdapter.Interfaces\OutboundAdapter.Interfaces.csproj", "{88EFEFFD-A01D-42FA-89AE-1E8EC2D405C6}"
EndProject
Project("{9A19103F-16F7-4668-BE54-9A1E7A4F7556}") = "OutboundAdapter.Grains", "OutboundAdapter.Grains\OutboundAdapter.Grains.csproj", "{A6B2C114-0AF5-4570-8B7C-E299F4A19A59}"
EndProject
Project("{9A19103F-16F7-4668-BE54-9A1E7A4F7556}") = "PmsAdapter.Api.OperaCloud.Inbound", "OutboundPmsAdapterApi\PmsAdapter.Api.OperaCloud.Inbound.csproj", "{BA2064D2-00EC-4388-BEDF-243B2A215C66}"
EndProject
Project("{9A19103F-16F7-4668-BE54-9A1E7A4F7556}") = "ServiceExtensions.Formatters", "ServiceExtensions.Formatters\ServiceExtensions.Formatters.csproj", "{27F01DC3-0477-49B3-BF26-0AA5CE0A16FF}"
EndProject
Project("{9A19103F-16F7-4668-BE54-9A1E7A4F7556}") = "ServiceExtensions.Soap.Core", "ServiceExtensions.Soap.Core\ServiceExtensions.Soap.Core.csproj", "{D56AD14F-F8A0-4568-BFDC-E6F61E8CE5C5}"
EndProject
Project("{9A19103F-16F7-4668-BE54-9A1E7A4F7556}") = "ServiceExtensions.Soap.Oasis", "ServiceExtensions.Soap.Oasis\ServiceExtensions.Soap.Oasis.csproj", "{8F20FF9E-B295-4457-866D-E66C156D0975}"
EndProject
Project("{9A19103F-16F7-4668-BE54-9A1E7A4F7556}") = "ServiceExtensions.PmsAdapter", "ServiceExtensions.PmsAdapter\ServiceExtensions.PmsAdapter.csproj", "{DD1E3E4C-C72D-471E-AA4F-E320E4748D37}"
EndProject
Project("{9A19103F-16F7-4668-BE54-9A1E7A4F7556}") = "ServiceExtensions.ServiceBus", "ServiceExtensions.ServiceBus\ServiceExtensions.ServiceBus.csproj", "{60B41EB2-8357-4F3A-B3E8-6B1967217C38}"
EndProject
Project("{2150E333-8FDC-42A3-9474-1A3956D46DE8}") = "Service Extensions", "Service Extensions", "{DBAEBBAA-74F0-43C5-B745-FD992F4CCCCF}"
EndProject
Project("{9A19103F-16F7-4668-BE54-9A1E7A4F7556}") = "PmsAdapter.Api.OperaCloud.Outbound", "PmsAdapter.Api.OperaCloud.Outbound\PmsAdapter.Api.OperaCloud.Outbound.csproj", "{72593E2A-8D2C-4AE9-934E-0F5E5F4BB502}"
EndProject
Project("{9A19103F-16F7-4668-BE54-9A1E7A4F7556}") = "LinkController.OperaCloud.Grains", "LinkController.OperaCloud\LinkController.OperaCloud.Grains.csproj", "{76FE72F5-9035-4EF4-B3D3-8FF663528ACD}"
EndProject
Project("{9A19103F-16F7-4668-BE54-9A1E7A4F7556}") = "LinkController.OperaCloud.Interfaces", "LinkController.OperaCloud.Interfaces\LinkController.OperaCloud.Interfaces.csproj", "{D40CE96A-021B-4535-96DB-F19EEABAE204}"
EndProject
Project("{2150E333-8FDC-42A3-9474-1A3956D46DE8}") = "OperaCloud", "OperaCloud", "{FA650C03-1D29-44CE-B15B-0081BB36A283}"
EndProject
Project("{2150E333-8FDC-42A3-9474-1A3956D46DE8}") = "archive", "archive", "{CA52BA54-1281-46E2-8840-DFB21E1F579F}"
EndProject
Global
	GlobalSection(SolutionConfigurationPlatforms) = preSolution
		Debug|Any CPU = Debug|Any CPU
		Release|Any CPU = Release|Any CPU
	EndGlobalSection
	GlobalSection(ProjectConfigurationPlatforms) = postSolution
		{064E3223-C82E-4FF0-A548-8A3F12588CA8}.Debug|Any CPU.ActiveCfg = Debug|Any CPU
		{064E3223-C82E-4FF0-A548-8A3F12588CA8}.Debug|Any CPU.Build.0 = Debug|Any CPU
		{064E3223-C82E-4FF0-A548-8A3F12588CA8}.Release|Any CPU.ActiveCfg = Release|Any CPU
		{064E3223-C82E-4FF0-A548-8A3F12588CA8}.Release|Any CPU.Build.0 = Release|Any CPU
		{3067B6A7-7EF3-4A0C-8D54-269E157AD34A}.Debug|Any CPU.ActiveCfg = Debug|Any CPU
		{3067B6A7-7EF3-4A0C-8D54-269E157AD34A}.Debug|Any CPU.Build.0 = Debug|Any CPU
		{3067B6A7-7EF3-4A0C-8D54-269E157AD34A}.Release|Any CPU.ActiveCfg = Release|Any CPU
		{3067B6A7-7EF3-4A0C-8D54-269E157AD34A}.Release|Any CPU.Build.0 = Release|Any CPU
		{88EFEFFD-A01D-42FA-89AE-1E8EC2D405C6}.Debug|Any CPU.ActiveCfg = Debug|Any CPU
		{88EFEFFD-A01D-42FA-89AE-1E8EC2D405C6}.Debug|Any CPU.Build.0 = Debug|Any CPU
		{88EFEFFD-A01D-42FA-89AE-1E8EC2D405C6}.Release|Any CPU.ActiveCfg = Release|Any CPU
		{88EFEFFD-A01D-42FA-89AE-1E8EC2D405C6}.Release|Any CPU.Build.0 = Release|Any CPU
		{A6B2C114-0AF5-4570-8B7C-E299F4A19A59}.Debug|Any CPU.ActiveCfg = Debug|Any CPU
		{A6B2C114-0AF5-4570-8B7C-E299F4A19A59}.Debug|Any CPU.Build.0 = Debug|Any CPU
		{A6B2C114-0AF5-4570-8B7C-E299F4A19A59}.Release|Any CPU.ActiveCfg = Release|Any CPU
		{A6B2C114-0AF5-4570-8B7C-E299F4A19A59}.Release|Any CPU.Build.0 = Release|Any CPU
		{BA2064D2-00EC-4388-BEDF-243B2A215C66}.Debug|Any CPU.ActiveCfg = Debug|Any CPU
		{BA2064D2-00EC-4388-BEDF-243B2A215C66}.Debug|Any CPU.Build.0 = Debug|Any CPU
		{BA2064D2-00EC-4388-BEDF-243B2A215C66}.Release|Any CPU.ActiveCfg = Release|Any CPU
		{BA2064D2-00EC-4388-BEDF-243B2A215C66}.Release|Any CPU.Build.0 = Release|Any CPU
		{27F01DC3-0477-49B3-BF26-0AA5CE0A16FF}.Debug|Any CPU.ActiveCfg = Debug|Any CPU
		{27F01DC3-0477-49B3-BF26-0AA5CE0A16FF}.Debug|Any CPU.Build.0 = Debug|Any CPU
		{27F01DC3-0477-49B3-BF26-0AA5CE0A16FF}.Release|Any CPU.ActiveCfg = Release|Any CPU
		{27F01DC3-0477-49B3-BF26-0AA5CE0A16FF}.Release|Any CPU.Build.0 = Release|Any CPU
		{D56AD14F-F8A0-4568-BFDC-E6F61E8CE5C5}.Debug|Any CPU.ActiveCfg = Debug|Any CPU
		{D56AD14F-F8A0-4568-BFDC-E6F61E8CE5C5}.Debug|Any CPU.Build.0 = Debug|Any CPU
		{D56AD14F-F8A0-4568-BFDC-E6F61E8CE5C5}.Release|Any CPU.ActiveCfg = Release|Any CPU
		{D56AD14F-F8A0-4568-BFDC-E6F61E8CE5C5}.Release|Any CPU.Build.0 = Release|Any CPU
		{8F20FF9E-B295-4457-866D-E66C156D0975}.Debug|Any CPU.ActiveCfg = Debug|Any CPU
		{8F20FF9E-B295-4457-866D-E66C156D0975}.Debug|Any CPU.Build.0 = Debug|Any CPU
		{8F20FF9E-B295-4457-866D-E66C156D0975}.Release|Any CPU.ActiveCfg = Release|Any CPU
		{8F20FF9E-B295-4457-866D-E66C156D0975}.Release|Any CPU.Build.0 = Release|Any CPU
		{DD1E3E4C-C72D-471E-AA4F-E320E4748D37}.Debug|Any CPU.ActiveCfg = Debug|Any CPU
		{DD1E3E4C-C72D-471E-AA4F-E320E4748D37}.Debug|Any CPU.Build.0 = Debug|Any CPU
		{DD1E3E4C-C72D-471E-AA4F-E320E4748D37}.Release|Any CPU.ActiveCfg = Release|Any CPU
		{DD1E3E4C-C72D-471E-AA4F-E320E4748D37}.Release|Any CPU.Build.0 = Release|Any CPU
		{60B41EB2-8357-4F3A-B3E8-6B1967217C38}.Debug|Any CPU.ActiveCfg = Debug|Any CPU
		{60B41EB2-8357-4F3A-B3E8-6B1967217C38}.Debug|Any CPU.Build.0 = Debug|Any CPU
		{60B41EB2-8357-4F3A-B3E8-6B1967217C38}.Release|Any CPU.ActiveCfg = Release|Any CPU
		{60B41EB2-8357-4F3A-B3E8-6B1967217C38}.Release|Any CPU.Build.0 = Release|Any CPU
		{72593E2A-8D2C-4AE9-934E-0F5E5F4BB502}.Debug|Any CPU.ActiveCfg = Debug|Any CPU
		{72593E2A-8D2C-4AE9-934E-0F5E5F4BB502}.Debug|Any CPU.Build.0 = Debug|Any CPU
		{72593E2A-8D2C-4AE9-934E-0F5E5F4BB502}.Release|Any CPU.ActiveCfg = Release|Any CPU
		{72593E2A-8D2C-4AE9-934E-0F5E5F4BB502}.Release|Any CPU.Build.0 = Release|Any CPU
		{76FE72F5-9035-4EF4-B3D3-8FF663528ACD}.Debug|Any CPU.ActiveCfg = Debug|Any CPU
		{76FE72F5-9035-4EF4-B3D3-8FF663528ACD}.Debug|Any CPU.Build.0 = Debug|Any CPU
		{76FE72F5-9035-4EF4-B3D3-8FF663528ACD}.Release|Any CPU.ActiveCfg = Release|Any CPU
		{76FE72F5-9035-4EF4-B3D3-8FF663528ACD}.Release|Any CPU.Build.0 = Release|Any CPU
		{D40CE96A-021B-4535-96DB-F19EEABAE204}.Debug|Any CPU.ActiveCfg = Debug|Any CPU
		{D40CE96A-021B-4535-96DB-F19EEABAE204}.Debug|Any CPU.Build.0 = Debug|Any CPU
		{D40CE96A-021B-4535-96DB-F19EEABAE204}.Release|Any CPU.ActiveCfg = Release|Any CPU
		{D40CE96A-021B-4535-96DB-F19EEABAE204}.Release|Any CPU.Build.0 = Release|Any CPU
	EndGlobalSection
	GlobalSection(SolutionProperties) = preSolution
		HideSolutionNode = FALSE
	EndGlobalSection
	GlobalSection(NestedProjects) = preSolution
		{3067B6A7-7EF3-4A0C-8D54-269E157AD34A} = {CA52BA54-1281-46E2-8840-DFB21E1F579F}
		{BA2064D2-00EC-4388-BEDF-243B2A215C66} = {FA650C03-1D29-44CE-B15B-0081BB36A283}
		{27F01DC3-0477-49B3-BF26-0AA5CE0A16FF} = {DBAEBBAA-74F0-43C5-B745-FD992F4CCCCF}
		{D56AD14F-F8A0-4568-BFDC-E6F61E8CE5C5} = {DBAEBBAA-74F0-43C5-B745-FD992F4CCCCF}
		{8F20FF9E-B295-4457-866D-E66C156D0975} = {DBAEBBAA-74F0-43C5-B745-FD992F4CCCCF}
		{DD1E3E4C-C72D-471E-AA4F-E320E4748D37} = {DBAEBBAA-74F0-43C5-B745-FD992F4CCCCF}
		{60B41EB2-8357-4F3A-B3E8-6B1967217C38} = {DBAEBBAA-74F0-43C5-B745-FD992F4CCCCF}
		{72593E2A-8D2C-4AE9-934E-0F5E5F4BB502} = {FA650C03-1D29-44CE-B15B-0081BB36A283}
		{76FE72F5-9035-4EF4-B3D3-8FF663528ACD} = {FA650C03-1D29-44CE-B15B-0081BB36A283}
		{D40CE96A-021B-4535-96DB-F19EEABAE204} = {FA650C03-1D29-44CE-B15B-0081BB36A283}
	EndGlobalSection
	GlobalSection(ExtensibilityGlobals) = postSolution
		SolutionGuid = {0C16B343-7BEC-4CB1-A391-A83F33F1F46E}
	EndGlobalSection
EndGlobal
